
Microsoft Visual Studio Solution File, Format Version 12.00
# Visual Studio Version 17
VisualStudioVersion = 17.5.33502.453
MinimumVisualStudioVersion = 10.0.40219.1
Project("{FAE04EC0-301F-11D3-BF4B-00C04F79EFBC}") = "TestArray", "TestArray\TestArray.csproj", "{7DC680CB-9E2F-4A1A-99DA-AF90BD1AEADF}"
EndProject
Global
	GlobalSection(SolutionConfigurationPlatforms) = preSolution
		Debug|Any CPU = Debug|Any CPU
		Release|Any CPU = Release|Any CPU
	EndGlobalSection
	GlobalSection(ProjectConfigurationPlatforms) = postSolution
		{7DC680CB-9E2F-4A1A-99DA-AF90BD1AEADF}.Debug|Any CPU.ActiveCfg = Debug|Any CPU
		{7DC680CB-9E2F-4A1A-99DA-AF90BD1AEADF}.Debug|Any CPU.Build.0 = Debug|Any CPU
		{7DC680CB-9E2F-4A1A-99DA-AF90BD1AEADF}.Release|Any CPU.ActiveCfg = Release|Any CPU
		{7DC680CB-9E2F-4A1A-99DA-AF90BD1AEADF}.Release|Any CPU.Build.0 = Release|Any CPU
	EndGlobalSection
	GlobalSection(SolutionProperties) = preSolution
		HideSolutionNode = FALSE
	EndGlobalSection
	GlobalSection(ExtensibilityGlobals) = postSolution
		SolutionGuid = {70C74DFA-1CE7-42B4-91A7-4E71F8DDDB7B}
	EndGlobalSection
EndGlobal
